
Microsoft Visual Studio Solution File, Format Version 12.00
# Visual Studio 15
VisualStudioVersion = 15.0.28307.902
MinimumVisualStudioVersion = 10.0.40219.1
Project("{9A19103F-16F7-4668-BE54-9A1E7A4F7556}") = "MT.OnlineRestaurant.CustomerManagement", "MT.OnlineRestaurant.CustomerManagement\MT.OnlineRestaurant.CustomerManagement.csproj", "{F5DB83F9-0317-4922-A9D4-DE210AC63395}"
EndProject
Project("{9A19103F-16F7-4668-BE54-9A1E7A4F7556}") = "MT.OnlineRestaurant.BusinessLayer", "MT.OnlineRestaurant.BusinessLayer\MT.OnlineRestaurant.BusinessLayer.csproj", "{A0BB57EE-86E6-43E7-93FA-35954A26F9DE}"
EndProject
Project("{9A19103F-16F7-4668-BE54-9A1E7A4F7556}") = "MT.OnlineRestaurant.DataLayer", "MT.OnlineRestaurant.DataLAyer\MT.OnlineRestaurant.DataLayer.csproj", "{9C8201B0-7D96-4C31-A6EC-598923B98A22}"
EndProject
Project("{9A19103F-16F7-4668-BE54-9A1E7A4F7556}") = "MT.OnlineRestaurant.UT", "MT.OnlineRestaurant.UT\MT.OnlineRestaurant.UT.csproj", "{06F2DD64-A447-4A64-A1A2-32421E5AF4A3}"
EndProject
Project("{9A19103F-16F7-4668-BE54-9A1E7A4F7556}") = "MT.OnlineRestaurant.BusinessEntities", "MT.OnlineRestaurant.BusinessEntities\MT.OnlineRestaurant.BusinessEntities.csproj", "{6D86774B-A6F5-48A4-88DC-EDAAE98D9487}"
EndProject
Project("{9A19103F-16F7-4668-BE54-9A1E7A4F7556}") = "MT.Online.Restaurant.MessagesManagement", "MT.Online.Restaurant.MessagesManagement\MT.Online.Restaurant.MessagesManagement.csproj", "{40E84153-D5FA-4222-BB8B-B5F63A52F034}"
EndProject
Global
	GlobalSection(SolutionConfigurationPlatforms) = preSolution
		Debug|Any CPU = Debug|Any CPU
		Release|Any CPU = Release|Any CPU
	EndGlobalSection
	GlobalSection(ProjectConfigurationPlatforms) = postSolution
		{F5DB83F9-0317-4922-A9D4-DE210AC63395}.Debug|Any CPU.ActiveCfg = Debug|Any CPU
		{F5DB83F9-0317-4922-A9D4-DE210AC63395}.Debug|Any CPU.Build.0 = Debug|Any CPU
		{F5DB83F9-0317-4922-A9D4-DE210AC63395}.Release|Any CPU.ActiveCfg = Release|Any CPU
		{F5DB83F9-0317-4922-A9D4-DE210AC63395}.Release|Any CPU.Build.0 = Release|Any CPU
		{A0BB57EE-86E6-43E7-93FA-35954A26F9DE}.Debug|Any CPU.ActiveCfg = Debug|Any CPU
		{A0BB57EE-86E6-43E7-93FA-35954A26F9DE}.Debug|Any CPU.Build.0 = Debug|Any CPU
		{A0BB57EE-86E6-43E7-93FA-35954A26F9DE}.Release|Any CPU.ActiveCfg = Release|Any CPU
		{A0BB57EE-86E6-43E7-93FA-35954A26F9DE}.Release|Any CPU.Build.0 = Release|Any CPU
		{9C8201B0-7D96-4C31-A6EC-598923B98A22}.Debug|Any CPU.ActiveCfg = Debug|Any CPU
		{9C8201B0-7D96-4C31-A6EC-598923B98A22}.Debug|Any CPU.Build.0 = Debug|Any CPU
		{9C8201B0-7D96-4C31-A6EC-598923B98A22}.Release|Any CPU.ActiveCfg = Release|Any CPU
		{9C8201B0-7D96-4C31-A6EC-598923B98A22}.Release|Any CPU.Build.0 = Release|Any CPU
		{06F2DD64-A447-4A64-A1A2-32421E5AF4A3}.Debug|Any CPU.ActiveCfg = Debug|Any CPU
		{06F2DD64-A447-4A64-A1A2-32421E5AF4A3}.Debug|Any CPU.Build.0 = Debug|Any CPU
		{06F2DD64-A447-4A64-A1A2-32421E5AF4A3}.Release|Any CPU.ActiveCfg = Release|Any CPU
		{06F2DD64-A447-4A64-A1A2-32421E5AF4A3}.Release|Any CPU.Build.0 = Release|Any CPU
		{6D86774B-A6F5-48A4-88DC-EDAAE98D9487}.Debug|Any CPU.ActiveCfg = Debug|Any CPU
		{6D86774B-A6F5-48A4-88DC-EDAAE98D9487}.Debug|Any CPU.Build.0 = Debug|Any CPU
		{6D86774B-A6F5-48A4-88DC-EDAAE98D9487}.Release|Any CPU.ActiveCfg = Release|Any CPU
		{6D86774B-A6F5-48A4-88DC-EDAAE98D9487}.Release|Any CPU.Build.0 = Release|Any CPU
		{40E84153-D5FA-4222-BB8B-B5F63A52F034}.Debug|Any CPU.ActiveCfg = Debug|Any CPU
		{40E84153-D5FA-4222-BB8B-B5F63A52F034}.Debug|Any CPU.Build.0 = Debug|Any CPU
		{40E84153-D5FA-4222-BB8B-B5F63A52F034}.Release|Any CPU.ActiveCfg = Release|Any CPU
		{40E84153-D5FA-4222-BB8B-B5F63A52F034}.Release|Any CPU.Build.0 = Release|Any CPU
	EndGlobalSection
	GlobalSection(SolutionProperties) = preSolution
		HideSolutionNode = FALSE
	EndGlobalSection
	GlobalSection(ExtensibilityGlobals) = postSolution
		SolutionGuid = {F35E7AA7-BA0E-4918-A13F-1755442239DB}
	EndGlobalSection
EndGlobal
